// !$*UTF8*$!
{
	archiveVersion = 1;
	classes = {
	};
	objectVersion = 56;
	objects = {

/* Begin PBXBuildFile section */
		2362371B2F66730100B702E5 /* Assets.xcassets in Resources */ = {isa = PBXBuildFile; fileRef = 2362371A2F66730100B702E5 /* Assets.xcassets */; };
		2362371E2F66730100B702E5 /* Preview Assets.xcassets in Resources */ = {isa = PBXBuildFile; fileRef = 2362371D2F66730100B702E5 /* Preview Assets.xcassets */; };
		236237342F66742900B702E5 /* FolderMeterApp.swift in Sources */ = {isa = PBXBuildFile; fileRef = 236237332F66742900B702E5 /* FolderMeterApp.swift */; };
		236237362F66743C00B702E5 /* FolderMonitor.swift in Sources */ = {isa = PBXBuildFile; fileRef = 236237352F66743C00B702E5 /* FolderMonitor.swift */; };
		236237382F66744F00B702E5 /* Info.plist in Resources */ = {isa = PBXBuildFile; fileRef = 236237372F66744F00B702E5 /* Info.plist */; };
		2362373D2F66746000B702E5 /* MenuBarLabel.swift in Sources */ = {isa = PBXBuildFile; fileRef = 236237392F66746000B702E5 /* MenuBarLabel.swift */; };
		2362373F2F66746000B702E5 /* MenuBarView.swift in Sources */ = {isa = PBXBuildFile; fileRef = 2362373B2F66746000B702E5 /* MenuBarView.swift */; };
		23FEDC842F9C34940047EAAB /* WidgetKit.framework in Frameworks */ = {isa = PBXBuildFile; fileRef = 23FEDC832F9C34940047EAAB /* WidgetKit.framework */; };
		23FEDC862F9C34940047EAAB /* SwiftUI.framework in Frameworks */ = {isa = PBXBuildFile; fileRef = 23FEDC852F9C34940047EAAB /* SwiftUI.framework */; };
		23FEDC8D2F9C34950047EAAB /* Assets.xcassets in Resources */ = {isa = PBXBuildFile; fileRef = 23FEDC8C2F9C34950047EAAB /* Assets.xcassets */; };
		23FEDC922F9C34950047EAAB /* FolderMeterWidgetExtension.appex in Embed Foundation Extensions */ = {isa = PBXBuildFile; fileRef = 23FEDC812F9C34940047EAAB /* FolderMeterWidgetExtension.appex */; settings = {ATTRIBUTES = (RemoveHeadersOnCopy, ); }; };
		23FEDC972F9C34990047EAAB /* Foldermeterwidget.swift in Sources */ = {isa = PBXBuildFile; fileRef = 23FEDC772F9C32610047EAAB /* Foldermeterwidget.swift */; };
		23FEDC982F9C34AA0047EAAB /* Sharedmodels.swift in Sources */ = {isa = PBXBuildFile; fileRef = 23FEDC7B2F9C33830047EAAB /* Sharedmodels.swift */; };
		23FEDC992F9C35F20047EAAB /* Sharedmodels.swift in Sources */ = {isa = PBXBuildFile; fileRef = 23FEDC7B2F9C33830047EAAB /* Sharedmodels.swift */; };
/* End PBXBuildFile section */

/* Begin PBXContainerItemProxy section */
		23FEDC902F9C34950047EAAB /* PBXContainerItemProxy */ = {
			isa = PBXContainerItemProxy;
			containerPortal = 2362370B2F66730100B702E5 /* Project object */;
			proxyType = 1;
			remoteGlobalIDString = 23FEDC802F9C34940047EAAB;
			remoteInfo = FolderMeterWidgetExtension;
		};
/* End PBXContainerItemProxy section */

/* Begin PBXCopyFilesBuildPhase section */
		23FEDC962F9C34950047EAAB /* Embed Foundation Extensions */ = {
			isa = PBXCopyFilesBuildPhase;
			buildActionMask = 2147483647;
			dstPath = "";
			dstSubfolderSpec = 13;
			files = (
				23FEDC922F9C34950047EAAB /* FolderMeterWidgetExtension.appex in Embed Foundation Extensions */,
			);
			name = "Embed Foundation Extensions";
			runOnlyForDeploymentPostprocessing = 0;
		};
/* End PBXCopyFilesBuildPhase section */

/* Begin PBXFileReference section */
		236237132F66730100B702E5 /* FolderMeter.app */ = {isa = PBXFileReference; explicitFileType = wrapper.application; includeInIndex = 0; path = FolderMeter.app; sourceTree = BUILT_PRODUCTS_DIR; };
		2362371A2F66730100B702E5 /* Assets.xcassets */ = {isa = PBXFileReference; lastKnownFileType = folder.assetcatalog; path = Assets.xcassets; sourceTree = "<group>"; };
		2362371D2F66730100B702E5 /* Preview Assets.xcassets */ = {isa = PBXFileReference; lastKnownFileType = folder.assetcatalog; path = "Preview Assets.xcassets"; sourceTree = "<group>"; };
		2362371F2F66730100B702E5 /* FolderMeter.entitlements */ = {isa = PBXFileReference; lastKnownFileType = text.plist.entitlements; path = FolderMeter.entitlements; sourceTree = "<group>"; };
		236237332F66742900B702E5 /* FolderMeterApp.swift */ = {isa = PBXFileReference; fileEncoding = 4; lastKnownFileType = sourcecode.swift; path = FolderMeterApp.swift; sourceTree = "<group>"; };
		236237352F66743C00B702E5 /* FolderMonitor.swift */ = {isa = PBXFileReference; fileEncoding = 4; lastKnownFileType = sourcecode.swift; path = FolderMonitor.swift; sourceTree = "<group>"; };
		236237372F66744F00B702E5 /* Info.plist */ = {isa = PBXFileReference; fileEncoding = 4; lastKnownFileType = text.plist.xml; path = Info.plist; sourceTree = "<group>"; };
		236237392F66746000B702E5 /* MenuBarLabel.swift */ = {isa = PBXFileReference; fileEncoding = 4; lastKnownFileType = sourcecode.swift; path = MenuBarLabel.swift; sourceTree = "<group>"; };
		2362373B2F66746000B702E5 /* MenuBarView.swift */ = {isa = PBXFileReference; fileEncoding = 4; lastKnownFileType = sourcecode.swift; path = MenuBarView.swift; sourceTree = "<group>"; };
		2362373C2F66746000B702E5 /* README.md */ = {isa = PBXFileReference; fileEncoding = 4; lastKnownFileType = net.daringfireball.markdown; path = README.md; sourceTree = "<group>"; };
		23F335FA2F674B67006C3B17 /* folder meter icon.png */ = {isa = PBXFileReference; lastKnownFileType = image.png; name = "folder meter icon.png"; path = "../../folder meter icon.png"; sourceTree = "<group>"; };
		23F335FE2F6750DF006C3B17 /* Screenshot_FolderMeter.jpg */ = {isa = PBXFileReference; lastKnownFileType = image.jpeg; path = Screenshot_FolderMeter.jpg; sourceTree = "<group>"; };
		23FEDC772F9C32610047EAAB /* Foldermeterwidget.swift */ = {isa = PBXFileReference; lastKnownFileType = sourcecode.swift; path = Foldermeterwidget.swift; sourceTree = "<group>"; };
		23FEDC7B2F9C33830047EAAB /* Sharedmodels.swift */ = {isa = PBXFileReference; lastKnownFileType = sourcecode.swift; path = Sharedmodels.swift; sourceTree = "<group>"; };
		23FEDC812F9C34940047EAAB /* FolderMeterWidgetExtension.appex */ = {isa = PBXFileReference; explicitFileType = "wrapper.app-extension"; includeInIndex = 0; path = FolderMeterWidgetExtension.appex; sourceTree = BUILT_PRODUCTS_DIR; };
		23FEDC832F9C34940047EAAB /* WidgetKit.framework */ = {isa = PBXFileReference; lastKnownFileType = wrapper.framework; name = WidgetKit.framework; path = System/Library/Frameworks/WidgetKit.framework; sourceTree = SDKROOT; };
		23FEDC852F9C34940047EAAB /* SwiftUI.framework */ = {isa = PBXFileReference; lastKnownFileType = wrapper.framework; name = SwiftUI.framework; path = System/Library/Frameworks/SwiftUI.framework; sourceTree = SDKROOT; };
		23FEDC8C2F9C34950047EAAB /* Assets.xcassets */ = {isa = PBXFileReference; lastKnownFileType = folder.assetcatalog; path = Assets.xcassets; sourceTree = "<group>"; };
		23FEDC8E2F9C34950047EAAB /* Info.plist */ = {isa = PBXFileReference; lastKnownFileType = text.plist.xml; path = Info.plist; sourceTree = "<group>"; };
		23FEDC8F2F9C34950047EAAB /* FolderMeterWidget.entitlements */ = {isa = PBXFileReference; lastKnownFileType = text.plist.entitlements; path = FolderMeterWidget.entitlements; sourceTree = "<group>"; };
/* End PBXFileReference section */

/* Begin PBXFrameworksBuildPhase section */
		236237102F66730100B702E5 /* Frameworks */ = {
			isa = PBXFrameworksBuildPhase;
			buildActionMask = 2147483647;
			files = (
			);
			runOnlyForDeploymentPostprocessing = 0;
		};
		23FEDC7E2F9C34940047EAAB /* Frameworks */ = {
			isa = PBXFrameworksBuildPhase;
			buildActionMask = 2147483647;
			files = (
				23FEDC862F9C34940047EAAB /* SwiftUI.framework in Frameworks */,
				23FEDC842F9C34940047EAAB /* WidgetKit.framework in Frameworks */,
			);
			runOnlyForDeploymentPostprocessing = 0;
		};
/* End PBXFrameworksBuildPhase section */

/* Begin PBXGroup section */
		2362370A2F66730100B702E5 = {
			isa = PBXGroup;
			children = (
				236237152F66730100B702E5 /* FolderMeter */,
				23FEDC872F9C34940047EAAB /* FolderMeterWidget */,
				23FEDC822F9C34940047EAAB /* Frameworks */,
				236237142F66730100B702E5 /* Products */,
			);
			sourceTree = "<group>";
		};
		236237142F66730100B702E5 /* Products */ = {
			isa = PBXGroup;
			children = (
				236237132F66730100B702E5 /* FolderMeter.app */,
				23FEDC812F9C34940047EAAB /* FolderMeterWidgetExtension.appex */,
			);
			name = Products;
			sourceTree = "<group>";
		};
		236237152F66730100B702E5 /* FolderMeter */ = {
			isa = PBXGroup;
			children = (
				2362373C2F66746000B702E5 /* README.md */,
				236237372F66744F00B702E5 /* Info.plist */,
				236237332F66742900B702E5 /* FolderMeterApp.swift */,
				236237352F66743C00B702E5 /* FolderMonitor.swift */,
				2362373B2F66746000B702E5 /* MenuBarView.swift */,
				236237392F66746000B702E5 /* MenuBarLabel.swift */,
				23FEDC7B2F9C33830047EAAB /* Sharedmodels.swift */,
				2362371A2F66730100B702E5 /* Assets.xcassets */,
				2362371F2F66730100B702E5 /* FolderMeter.entitlements */,
				23F335FA2F674B67006C3B17 /* folder meter icon.png */,
				23F335FE2F6750DF006C3B17 /* Screenshot_FolderMeter.jpg */,
				2362371C2F66730100B702E5 /* Preview Content */,
			);
			path = FolderMeter;
			sourceTree = "<group>";
		};
		2362371C2F66730100B702E5 /* Preview Content */ = {
			isa = PBXGroup;
			children = (
				2362371D2F66730100B702E5 /* Preview Assets.xcassets */,
			);
			path = "Preview Content";
			sourceTree = "<group>";
		};
		23FEDC822F9C34940047EAAB /* Frameworks */ = {
			isa = PBXGroup;
			children = (
				23FEDC832F9C34940047EAAB /* WidgetKit.framework */,
				23FEDC852F9C34940047EAAB /* SwiftUI.framework */,
			);
			name = Frameworks;
			sourceTree = "<group>";
		};
		23FEDC872F9C34940047EAAB /* FolderMeterWidget */ = {
			isa = PBXGroup;
			children = (
				23FEDC772F9C32610047EAAB /* Foldermeterwidget.swift */,
				23FEDC8C2F9C34950047EAAB /* Assets.xcassets */,
				23FEDC8E2F9C34950047EAAB /* Info.plist */,
				23FEDC8F2F9C34950047EAAB /* FolderMeterWidget.entitlements */,
			);
			path = FolderMeterWidget;
			sourceTree = "<group>";
		};
/* End PBXGroup section */

/* Begin PBXNativeTarget section */
		236237122F66730100B702E5 /* FolderMeter */ = {
			isa = PBXNativeTarget;
			buildConfigurationList = 236237222F66730100B702E5 /* Build configuration list for PBXNativeTarget "FolderMeter" */;
			buildPhases = (
				2362370F2F66730100B702E5 /* Sources */,
				236237102F66730100B702E5 /* Frameworks */,
				236237112F66730100B702E5 /* Resources */,
				23FEDC962F9C34950047EAAB /* Embed Foundation Extensions */,
			);
			buildRules = (
			);
			dependencies = (
				23FEDC912F9C34950047EAAB /* PBXTargetDependency */,
			);
			name = FolderMeter;
			productName = FolderMeter;
			productReference = 236237132F66730100B702E5 /* FolderMeter.app */;
			productType = "com.apple.product-type.application";
		};
		23FEDC802F9C34940047EAAB /* FolderMeterWidgetExtension */ = {
			isa = PBXNativeTarget;
			buildConfigurationList = 23FEDC932F9C34950047EAAB /* Build configuration list for PBXNativeTarget "FolderMeterWidgetExtension" */;
			buildPhases = (
				23FEDC7D2F9C34940047EAAB /* Sources */,
				23FEDC7E2F9C34940047EAAB /* Frameworks */,
				23FEDC7F2F9C34940047EAAB /* Resources */,
			);
			buildRules = (
			);
			dependencies = (
			);
			name = FolderMeterWidgetExtension;
			productName = FolderMeterWidgetExtension;
			productReference = 23FEDC812F9C34940047EAAB /* FolderMeterWidgetExtension.appex */;
			productType = "com.apple.product-type.app-extension";
		};
/* End PBXNativeTarget section */

/* Begin PBXProject section */
		2362370B2F66730100B702E5 /* Project object */ = {
			isa = PBXProject;
			attributes = {
				BuildIndependentTargetsInParallel = 1;
				LastSwiftUpdateCheck = 1540;
				LastUpgradeCheck = 1540;
				TargetAttributes = {
					236237122F66730100B702E5 = {
						CreatedOnToolsVersion = 15.2;
					};
					23FEDC802F9C34940047EAAB = {
						CreatedOnToolsVersion = 15.4;
					};
				};
			};
			buildConfigurationList = 2362370E2F66730100B702E5 /* Build configuration list for PBXProject "FolderMeter" */;
			compatibilityVersion = "Xcode 14.0";
			developmentRegion = en;
			hasScannedForEncodings = 0;
			knownRegions = (
				en,
				Base,
			);
			mainGroup = 2362370A2F66730100B702E5;
			productRefGroup = 236237142F66730100B702E5 /* Products */;
			projectDirPath = "";
			projectRoot = "";
			targets = (
				236237122F66730100B702E5 /* FolderMeter */,
				23FEDC802F9C34940047EAAB /* FolderMeterWidgetExtension */,
			);
		};
/* End PBXProject section */

/* Begin PBXResourcesBuildPhase section */
		236237112F66730100B702E5 /* Resources */ = {
			isa = PBXResourcesBuildPhase;
			buildActionMask = 2147483647;
			files = (
				2362371E2F66730100B702E5 /* Preview Assets.xcassets in Resources */,
				236237382F66744F00B702E5 /* Info.plist in Resources */,
				2362371B2F66730100B702E5 /* Assets.xcassets in Resources */,
			);
			runOnlyForDeploymentPostprocessing = 0;
		};
		23FEDC7F2F9C34940047EAAB /* Resources */ = {
			isa = PBXResourcesBuildPhase;
			buildActionMask = 2147483647;
			files = (
				23FEDC8D2F9C34950047EAAB /* Assets.xcassets in Resources */,
			);
			runOnlyForDeploymentPostprocessing = 0;
		};
/* End PBXResourcesBuildPhase section */

/* Begin PBXSourcesBuildPhase section */
		2362370F2F66730100B702E5 /* Sources */ = {
			isa = PBXSourcesBuildPhase;
			buildActionMask = 2147483647;
			files = (
				23FEDC992F9C35F20047EAAB /* Sharedmodels.swift in Sources */,
				2362373F2F66746000B702E5 /* MenuBarView.swift in Sources */,
				236237362F66743C00B702E5 /* FolderMonitor.swift in Sources */,
				236237342F66742900B702E5 /* FolderMeterApp.swift in Sources */,
				2362373D2F66746000B702E5 /* MenuBarLabel.swift in Sources */,
			);
			runOnlyForDeploymentPostprocessing = 0;
		};
		23FEDC7D2F9C34940047EAAB /* Sources */ = {
			isa = PBXSourcesBuildPhase;
			buildActionMask = 2147483647;
			files = (
				23FEDC982F9C34AA0047EAAB /* Sharedmodels.swift in Sources */,
				23FEDC972F9C34990047EAAB /* Foldermeterwidget.swift in Sources */,
			);
			runOnlyForDeploymentPostprocessing = 0;
		};
/* End PBXSourcesBuildPhase section */

/* Begin PBXTargetDependency section */
		23FEDC912F9C34950047EAAB /* PBXTargetDependency */ = {
			isa = PBXTargetDependency;
			target = 23FEDC802F9C34940047EAAB /* FolderMeterWidgetExtension */;
			targetProxy = 23FEDC902F9C34950047EAAB /* PBXContainerItemProxy */;
		};
/* End PBXTargetDependency section */

/* Begin XCBuildConfiguration section */
		236237202F66730100B702E5 /* Debug */ = {
			isa = XCBuildConfiguration;
			buildSettings = {
				ALWAYS_SEARCH_USER_PATHS = NO;
				ASSETCATALOG_COMPILER_GENERATE_SWIFT_ASSET_SYMBOL_EXTENSIONS = YES;
				CLANG_ANALYZER_NONNULL = YES;
				CLANG_ANALYZER_NUMBER_OBJECT_CONVERSION = YES_AGGRESSIVE;
				CLANG_CXX_LANGUAGE_STANDARD = "gnu++20";
				CLANG_ENABLE_MODULES = YES;
				CLANG_ENABLE_OBJC_ARC = YES;
				CLANG_ENABLE_OBJC_WEAK = YES;
				CLANG_WARN_BLOCK_CAPTURE_AUTORELEASING = YES;
				CLANG_WARN_BOOL_CONVERSION = YES;
				CLANG_WARN_COMMA = YES;
				CLANG_WARN_CONSTANT_CONVERSION = YES;
				CLANG_WARN_DEPRECATED_OBJC_IMPLEMENTATIONS = YES;
				CLANG_WARN_DIRECT_OBJC_ISA_USAGE = YES_ERROR;
				CLANG_WARN_DOCUMENTATION_COMMENTS = YES;
				CLANG_WARN_EMPTY_BODY = YES;
				CLANG_WARN_ENUM_CONVERSION = YES;
				CLANG_WARN_INFINITE_RECURSION = YES;
				CLANG_WARN_INT_CONVERSION = YES;
				CLANG_WARN_NON_LITERAL_NULL_CONVERSION = YES;
				CLANG_WARN_OBJC_IMPLICIT_RETAIN_SELF = YES;
				CLANG_WARN_OBJC_LITERAL_CONVERSION = YES;
				CLANG_WARN_OBJC_ROOT_CLASS = YES_ERROR;
				CLANG_WARN_QUOTED_INCLUDE_IN_FRAMEWORK_HEADER = YES;
				CLANG_WARN_RANGE_LOOP_ANALYSIS = YES;
				CLANG_WARN_STRICT_PROTOTYPES = YES;
				CLANG_WARN_SUSPICIOUS_MOVE = YES;
				CLANG_WARN_UNGUARDED_AVAILABILITY = YES_AGGRESSIVE;
				CLANG_WARN_UNREACHABLE_CODE = YES;
				CLANG_WARN__DUPLICATE_METHOD_MATCH = YES;
				COPY_PHASE_STRIP = NO;
				DEAD_CODE_STRIPPING = YES;
				DEBUG_INFORMATION_FORMAT = dwarf;
				ENABLE_STRICT_OBJC_MSGSEND = YES;
				ENABLE_TESTABILITY = YES;
				ENABLE_USER_SCRIPT_SANDBOXING = YES;
				GCC_C_LANGUAGE_STANDARD = gnu17;
				GCC_DYNAMIC_NO_PIC = NO;
				GCC_NO_COMMON_BLOCKS = YES;
				GCC_OPTIMIZATION_LEVEL = 0;
				GCC_PREPROCESSOR_DEFINITIONS = (
					"DEBUG=1",
					"$(inherited)",
				);
				GCC_WARN_64_TO_32_BIT_CONVERSION = YES;
				GCC_WARN_ABOUT_RETURN_TYPE = YES_ERROR;
				GCC_WARN_UNDECLARED_SELECTOR = YES;
				GCC_WARN_UNINITIALIZED_AUTOS = YES_AGGRESSIVE;
				GCC_WARN_UNUSED_FUNCTION = YES;
				GCC_WARN_UNUSED_VARIABLE = YES;
				LOCALIZATION_PREFERS_STRING_CATALOGS = YES;
				MACOSX_DEPLOYMENT_TARGET = 14.2;
				MTL_ENABLE_DEBUG_INFO = INCLUDE_SOURCE;
				MTL_FAST_MATH = YES;
				ONLY_ACTIVE_ARCH = YES;
				SDKROOT = macosx;
				SWIFT_ACTIVE_COMPILATION_CONDITIONS = "DEBUG $(inherited)";
				SWIFT_OPTIMIZATION_LEVEL = "-Onone";
			};
			name = Debug;
		};
		236237212F66730100B702E5 /* Release */ = {
			isa = XCBuildConfiguration;
			buildSettings = {
				ALWAYS_SEARCH_USER_PATHS = NO;
				ASSETCATALOG_COMPILER_GENERATE_SWIFT_ASSET_SYMBOL_EXTENSIONS = YES;
				CLANG_ANALYZER_NONNULL = YES;
				CLANG_ANALYZER_NUMBER_OBJECT_CONVERSION = YES_AGGRESSIVE;
				CLANG_CXX_LANGUAGE_STANDARD = "gnu++20";
				CLANG_ENABLE_MODULES = YES;
				CLANG_ENABLE_OBJC_ARC = YES;
				CLANG_ENABLE_OBJC_WEAK = YES;
				CLANG_WARN_BLOCK_CAPTURE_AUTORELEASING = YES;
				CLANG_WARN_BOOL_CONVERSION = YES;
				CLANG_WARN_COMMA = YES;
				CLANG_WARN_CONSTANT_CONVERSION = YES;
				CLANG_WARN_DEPRECATED_OBJC_IMPLEMENTATIONS = YES;
				CLANG_WARN_DIRECT_OBJC_ISA_USAGE = YES_ERROR;
				CLANG_WARN_DOCUMENTATION_COMMENTS = YES;
				CLANG_WARN_EMPTY_BODY = YES;
				CLANG_WARN_ENUM_CONVERSION = YES;
				CLANG_WARN_INFINITE_RECURSION = YES;
				CLANG_WARN_INT_CONVERSION = YES;
				CLANG_WARN_NON_LITERAL_NULL_CONVERSION = YES;
				CLANG_WARN_OBJC_IMPLICIT_RETAIN_SELF = YES;
				CLANG_WARN_OBJC_LITERAL_CONVERSION = YES;
				CLANG_WARN_OBJC_ROOT_CLASS = YES_ERROR;
				CLANG_WARN_QUOTED_INCLUDE_IN_FRAMEWORK_HEADER = YES;
				CLANG_WARN_RANGE_LOOP_ANALYSIS = YES;
				CLANG_WARN_STRICT_PROTOTYPES = YES;
				CLANG_WARN_SUSPICIOUS_MOVE = YES;
				CLANG_WARN_UNGUARDED_AVAILABILITY = YES_AGGRESSIVE;
				CLANG_WARN_UNREACHABLE_CODE = YES;
				CLANG_WARN__DUPLICATE_METHOD_MATCH = YES;
				COPY_PHASE_STRIP = NO;
				DEAD_CODE_STRIPPING = YES;
				DEBUG_INFORMATION_FORMAT = "dwarf-with-dsym";
				ENABLE_NS_ASSERTIONS = NO;
				ENABLE_STRICT_OBJC_MSGSEND = YES;
				ENABLE_USER_SCRIPT_SANDBOXING = YES;
				GCC_C_LANGUAGE_STANDARD = gnu17;
				GCC_NO_COMMON_BLOCKS = YES;
				GCC_WARN_64_TO_32_BIT_CONVERSION = YES;
				GCC_WARN_ABOUT_RETURN_TYPE = YES_ERROR;
				GCC_WARN_UNDECLARED_SELECTOR = YES;
				GCC_WARN_UNINITIALIZED_AUTOS = YES_AGGRESSIVE;
				GCC_WARN_UNUSED_FUNCTION = YES;
				GCC_WARN_UNUSED_VARIABLE = YES;
				LOCALIZATION_PREFERS_STRING_CATALOGS = YES;
				MACOSX_DEPLOYMENT_TARGET = 14.2;
				MTL_ENABLE_DEBUG_INFO = NO;
				MTL_FAST_MATH = YES;
				SDKROOT = macosx;
				SWIFT_COMPILATION_MODE = wholemodule;
			};
			name = Release;
		};
		236237232F66730100B702E5 /* Debug */ = {
			isa = XCBuildConfiguration;
			buildSettings = {
				ALWAYS_EMBED_SWIFT_STANDARD_LIBRARIES = YES;
				ASSETCATALOG_COMPILER_APPICON_NAME = AppIcon;
				ASSETCATALOG_COMPILER_GLOBAL_ACCENT_COLOR_NAME = AccentColor;
				ASSETCATALOG_COMPILER_INCLUDE_ALL_APPICON_ASSETS = YES;
				CODE_SIGN_ENTITLEMENTS = FolderMeter/FolderMeter.entitlements;
				CODE_SIGN_IDENTITY = "Apple Development";
				"CODE_SIGN_IDENTITY[sdk=macosx*]" = "Apple Development";
				CODE_SIGN_STYLE = Automatic;
				COMBINE_HIDPI_IMAGES = YES;
				CURRENT_PROJECT_VERSION = 0.6;
				DEAD_CODE_STRIPPING = YES;
				DEVELOPMENT_ASSET_PATHS = "\"FolderMeter/Preview Content\"";
				DEVELOPMENT_TEAM = T9V5W5P5J4;
				ENABLE_HARDENED_RUNTIME = YES;
				ENABLE_PREVIEWS = YES;
				GENERATE_INFOPLIST_FILE = YES;
				INFOPLIST_KEY_CFBundleDisplayName = FolderMeter;
				INFOPLIST_KEY_LSApplicationCategoryType = "public.app-category.utilities";
				INFOPLIST_KEY_NSHumanReadableCopyright = "Copyright © 2026 FAINI MADE. All rights reserved.";
				LD_RUNPATH_SEARCH_PATHS = (
					"$(inherited)",
					"@executable_path/../Frameworks",
				);
				MACOSX_DEPLOYMENT_TARGET = 14.0;
				MARKETING_VERSION = 0.6;
				PRODUCT_BUNDLE_IDENTIFIER = com.fainimade.foldermeter;
				PRODUCT_NAME = "$(TARGET_NAME)";
				PROVISIONING_PROFILE_SPECIFIER = "";
				SWIFT_EMIT_LOC_STRINGS = YES;
				SWIFT_VERSION = 5.0;
			};
			name = Debug;
		};
		236237242F66730100B702E5 /* Release */ = {
			isa = XCBuildConfiguration;
			buildSettings = {
				ALWAYS_EMBED_SWIFT_STANDARD_LIBRARIES = YES;
				ASSETCATALOG_COMPILER_APPICON_NAME = AppIcon;
				ASSETCATALOG_COMPILER_GLOBAL_ACCENT_COLOR_NAME = AccentColor;
				ASSETCATALOG_COMPILER_INCLUDE_ALL_APPICON_ASSETS = YES;
				CODE_SIGN_ENTITLEMENTS = FolderMeter/FolderMeter.entitlements;
				CODE_SIGN_IDENTITY = "Apple Development";
				"CODE_SIGN_IDENTITY[sdk=macosx*]" = "Apple Development";
				CODE_SIGN_STYLE = Automatic;
				COMBINE_HIDPI_IMAGES = YES;
				CURRENT_PROJECT_VERSION = 0.6;
				DEAD_CODE_STRIPPING = YES;
				DEVELOPMENT_ASSET_PATHS = "\"FolderMeter/Preview Content\"";
				DEVELOPMENT_TEAM = T9V5W5P5J4;
				ENABLE_HARDENED_RUNTIME = YES;
				ENABLE_PREVIEWS = YES;
				GENERATE_INFOPLIST_FILE = YES;
				INFOPLIST_KEY_CFBundleDisplayName = FolderMeter;
				INFOPLIST_KEY_LSApplicationCategoryType = "public.app-category.utilities";
				INFOPLIST_KEY_NSHumanReadableCopyright = "Copyright © 2026 FAINI MADE. All rights reserved.";
				LD_RUNPATH_SEARCH_PATHS = (
					"$(inherited)",
					"@executable_path/../Frameworks",
				);
				MACOSX_DEPLOYMENT_TARGET = 14.0;
				MARKETING_VERSION = 0.6;
				PRODUCT_BUNDLE_IDENTIFIER = com.fainimade.foldermeter;
				PRODUCT_NAME = "$(TARGET_NAME)";
				PROVISIONING_PROFILE_SPECIFIER = "";
				SWIFT_EMIT_LOC_STRINGS = YES;
				SWIFT_VERSION = 5.0;
			};
			name = Release;
		};
		23FEDC942F9C34950047EAAB /* Debug */ = {
			isa = XCBuildConfiguration;
			buildSettings = {
				ASSETCATALOG_COMPILER_GLOBAL_ACCENT_COLOR_NAME = AccentColor;
				ASSETCATALOG_COMPILER_WIDGET_BACKGROUND_COLOR_NAME = WidgetBackground;
				CODE_SIGN_ENTITLEMENTS = FolderMeterWidget/FolderMeterWidget.entitlements;
				CODE_SIGN_IDENTITY = "Apple Development";
				CODE_SIGN_STYLE = Automatic;
				CURRENT_PROJECT_VERSION = 0.6;
				DEVELOPMENT_TEAM = T9V5W5P5J4;
				ENABLE_HARDENED_RUNTIME = YES;
				GENERATE_INFOPLIST_FILE = YES;
				INFOPLIST_FILE = FolderMeterWidget/Info.plist;
				INFOPLIST_KEY_CFBundleDisplayName = FolderMeterWidget;
				INFOPLIST_KEY_NSHumanReadableCopyright = "";
				LD_RUNPATH_SEARCH_PATHS = (
					"$(inherited)",
					"@executable_path/../Frameworks",
					"@executable_path/../../../../Frameworks",
				);
				MACOSX_DEPLOYMENT_TARGET = 14.5;
				MARKETING_VERSION = 0.6;
				PRODUCT_BUNDLE_IDENTIFIER = com.fainimade.foldermeter.widget;
				PRODUCT_NAME = "$(TARGET_NAME)";
				PROVISIONING_PROFILE_SPECIFIER = "";
				SKIP_INSTALL = YES;
				SWIFT_EMIT_LOC_STRINGS = YES;
				SWIFT_VERSION = 5.0;
			};
			name = Debug;
		};
		23FEDC952F9C34950047EAAB /* Release */ = {
			isa = XCBuildConfiguration;
			buildSettings = {
				ASSETCATALOG_COMPILER_GLOBAL_ACCENT_COLOR_NAME = AccentColor;
				ASSETCATALOG_COMPILER_WIDGET_BACKGROUND_COLOR_NAME = WidgetBackground;
				CODE_SIGN_ENTITLEMENTS = FolderMeterWidget/FolderMeterWidget.entitlements;
				CODE_SIGN_IDENTITY = "Apple Development";
				CODE_SIGN_STYLE = Automatic;
				CURRENT_PROJECT_VERSION = 0.6;
				DEVELOPMENT_TEAM = T9V5W5P5J4;
				ENABLE_HARDENED_RUNTIME = YES;
				GENERATE_INFOPLIST_FILE = YES;
				INFOPLIST_FILE = FolderMeterWidget/Info.plist;
				INFOPLIST_KEY_CFBundleDisplayName = FolderMeterWidget;
				INFOPLIST_KEY_NSHumanReadableCopyright = "";
				LD_RUNPATH_SEARCH_PATHS = (
					"$(inherited)",
					"@executable_path/../Frameworks",
					"@executable_path/../../../../Frameworks",
				);
				MACOSX_DEPLOYMENT_TARGET = 14.5;
				MARKETING_VERSION = 0.6;
				PRODUCT_BUNDLE_IDENTIFIER = com.fainimade.foldermeter.widget;
				PRODUCT_NAME = "$(TARGET_NAME)";
				PROVISIONING_PROFILE_SPECIFIER = "";
				SKIP_INSTALL = YES;
				SWIFT_EMIT_LOC_STRINGS = YES;
				SWIFT_VERSION = 5.0;
			};
			name = Release;
		};
/* End XCBuildConfiguration section */

/* Begin XCConfigurationList section */
		2362370E2F66730100B702E5 /* Build configuration list for PBXProject "FolderMeter" */ = {
			isa = XCConfigurationList;
			buildConfigurations = (
				236237202F66730100B702E5 /* Debug */,
				236237212F66730100B702E5 /* Release */,
			);
			defaultConfigurationIsVisible = 0;
			defaultConfigurationName = Release;
		};
		236237222F66730100B702E5 /* Build configuration list for PBXNativeTarget "FolderMeter" */ = {
			isa = XCConfigurationList;
			buildConfigurations = (
				236237232F66730100B702E5 /* Debug */,
				236237242F66730100B702E5 /* Release */,
			);
			defaultConfigurationIsVisible = 0;
			defaultConfigurationName = Release;
		};
		23FEDC932F9C34950047EAAB /* Build configuration list for PBXNativeTarget "FolderMeterWidgetExtension" */ = {
			isa = XCConfigurationList;
			buildConfigurations = (
				23FEDC942F9C34950047EAAB /* Debug */,
				23FEDC952F9C34950047EAAB /* Release */,
			);
			defaultConfigurationIsVisible = 0;
			defaultConfigurationName = Release;
		};
/* End XCConfigurationList section */
	};
	rootObject = 2362370B2F66730100B702E5 /* Project object */;
}
